
Microsoft Visual Studio Solution File, Format Version 12.00
# Visual Studio Version 17
VisualStudioVersion = 17.1.32328.378
MinimumVisualStudioVersion = 10.0.40219.1
Project("{FAE04EC0-301F-11D3-BF4B-00C04F79EFBC}") = "AdventOfCode", "AdventOfCode\AdventOfCode.csproj", "{C51F9B31-2A6F-4DFC-88C2-6BCF0DC241AF}"
EndProject
Global
	GlobalSection(SolutionConfigurationPlatforms) = preSolution
		Debug|Any CPU = Debug|Any CPU
		Release|Any CPU = Release|Any CPU
	EndGlobalSection
	GlobalSection(ProjectConfigurationPlatforms) = postSolution
		{C51F9B31-2A6F-4DFC-88C2-6BCF0DC241AF}.Debug|Any CPU.ActiveCfg = Debug|Any CPU
		{C51F9B31-2A6F-4DFC-88C2-6BCF0DC241AF}.Debug|Any CPU.Build.0 = Debug|Any CPU
		{C51F9B31-2A6F-4DFC-88C2-6BCF0DC241AF}.Release|Any CPU.ActiveCfg = Release|Any CPU
		{C51F9B31-2A6F-4DFC-88C2-6BCF0DC241AF}.Release|Any CPU.Build.0 = Release|Any CPU
	EndGlobalSection
	GlobalSection(SolutionProperties) = preSolution
		HideSolutionNode = FALSE
	EndGlobalSection
	GlobalSection(ExtensibilityGlobals) = postSolution
		SolutionGuid = {5E505A80-6989-4980-B790-F6A9FD6F42DA}
	EndGlobalSection
EndGlobal
